
Microsoft Visual Studio Solution File, Format Version 12.00
# Visual Studio Version 17
VisualStudioVersion = 17.10.34916.146
MinimumVisualStudioVersion = 10.0.40219.1
Project("{2150E333-8FDC-42A3-9474-1A3956D46DE8}") = "Docker", "Docker", "{2811A37E-124D-43ED-8E37-F85F03DB3774}"
	ProjectSection(SolutionItems) = preProject
		Docker\.env = Docker\.env
		Docker\docker-compose.yml = Docker\docker-compose.yml
		Docker\Dockerfile = Docker\Dockerfile
		Docker\mongo-init.js = Docker\mongo-init.js
	EndProjectSection
EndProject
Project("{2150E333-8FDC-42A3-9474-1A3956D46DE8}") = "Source", "Source", "{53016981-C3FD-4801-B1E4-B033339639CF}"
EndProject
Project("{9A19103F-16F7-4668-BE54-9A1E7A4F7556}") = "PaymentSystem.WebApi", "Source\PaymentSystem.WebApi\PaymentSystem.WebApi.csproj", "{4F8C6AB3-5B63-47B1-B784-B4388EF14843}"
EndProject
Global
	GlobalSection(SolutionConfigurationPlatforms) = preSolution
		Debug|Any CPU = Debug|Any CPU
		Release|Any CPU = Release|Any CPU
	EndGlobalSection
	GlobalSection(ProjectConfigurationPlatforms) = postSolution
		{4F8C6AB3-5B63-47B1-B784-B4388EF14843}.Debug|Any CPU.ActiveCfg = Debug|Any CPU
		{4F8C6AB3-5B63-47B1-B784-B4388EF14843}.Debug|Any CPU.Build.0 = Debug|Any CPU
		{4F8C6AB3-5B63-47B1-B784-B4388EF14843}.Release|Any CPU.ActiveCfg = Release|Any CPU
		{4F8C6AB3-5B63-47B1-B784-B4388EF14843}.Release|Any CPU.Build.0 = Release|Any CPU
	EndGlobalSection
	GlobalSection(SolutionProperties) = preSolution
		HideSolutionNode = FALSE
	EndGlobalSection
	GlobalSection(NestedProjects) = preSolution
		{4F8C6AB3-5B63-47B1-B784-B4388EF14843} = {53016981-C3FD-4801-B1E4-B033339639CF}
	EndGlobalSection
	GlobalSection(ExtensibilityGlobals) = postSolution
		SolutionGuid = {26E9BD03-9D59-4390-A0DE-70C136408D39}
	EndGlobalSection
EndGlobal
